
Microsoft Visual Studio Solution File, Format Version 12.00
# Visual Studio Version 17
VisualStudioVersion = 17.1.32328.378
MinimumVisualStudioVersion = 10.0.40219.1
Project("{FAE04EC0-301F-11D3-BF4B-00C04F79EFBC}") = "ArduinoDetectMicroCamMute", "ArduinoComunicacionSerie\ArduinoDetectMicroCamMute.csproj", "{28CD29D3-6E36-45C3-B61A-6509EEDE75E6}"
EndProject
Global
	GlobalSection(SolutionConfigurationPlatforms) = preSolution
		Debug|Any CPU = Debug|Any CPU
		Release|Any CPU = Release|Any CPU
	EndGlobalSection
	GlobalSection(ProjectConfigurationPlatforms) = postSolution
		{28CD29D3-6E36-45C3-B61A-6509EEDE75E6}.Debug|Any CPU.ActiveCfg = Debug|Any CPU
		{28CD29D3-6E36-45C3-B61A-6509EEDE75E6}.Debug|Any CPU.Build.0 = Debug|Any CPU
		{28CD29D3-6E36-45C3-B61A-6509EEDE75E6}.Release|Any CPU.ActiveCfg = Release|Any CPU
		{28CD29D3-6E36-45C3-B61A-6509EEDE75E6}.Release|Any CPU.Build.0 = Release|Any CPU
	EndGlobalSection
	GlobalSection(SolutionProperties) = preSolution
		HideSolutionNode = FALSE
	EndGlobalSection
	GlobalSection(ExtensibilityGlobals) = postSolution
		SolutionGuid = {94FB90E2-7CAA-4415-A624-2FA2CE9D1005}
	EndGlobalSection
EndGlobal
